{
    "_meta": {
        "hash": {
            "sha256": "68c407ae97f722f404b4ea6a25edc524e722e763ed6da1a427da88cb7b2f2306"
        },
        "pipfile-spec": 6,
        "requires": {
            "python_version": "3.8"
        },
        "sources": [
            {
                "name": "pypi",
                "url": "https://pypi.python.org/simple",
                "verify_ssl": true
            }
        ]
    },
    "default": {
        "et-xmlfile": {
            "hashes": [
                "sha256:8eb9e2bc2f8c97e37a2dc85a09ecdcdec9d8a396530a6d5a33b30b9a92da0c5c",
                "sha256:a2ba85d1d6a74ef63837eed693bcb89c3f752169b0e3e7ae5b16ca5e1b3deada"
            ],
            "version": "==1.1.0"
        },
        "fastnumbers": {
            "hashes": [
                "sha256:01a5f90bda9cf894e1bb5941f9c9bdbe9ef1f27cc43b8cefda2b10417c32c565",
                "sha256:066a85c4a840b39077b9649f0350a756cfe4a295011708c184a0b604b60ddd8d",
                "sha256:0a0af8e54396b3b470dc1803ebe3d7020ab74b4e2892a48d1173900d9131aabb",
                "sha256:0ab8a4cf0fad13e6c55c35c6c335ca3b85c65a2acd0ed09e0f874ddb20ba9f51",
                "sha256:0ba492b12ac72c3bbfe80183b64c40c394e84b3830272dc76a14324c1c889af6",
                "sha256:1119ab529358cafe1404fa7a2038d3ecd57d24c216d425767071a540739e9853",
                "sha256:17424d2bfd2aad8c559047a6f0807a1e3360bfe28ac335132ab07a86170aced4",
                "sha256:2027f683ccab4f4d6b76eb085e8f75d04099c5379ddee0f57576b0b3a49714b1",
                "sha256:25b15706447c948375e249a0b39e7a1e0d7b3623d93a0ae1d33d159a64ade49d",
                "sha256:2b929456a9ea508e33fab4c9bfaf086f8fc5a647c63521da042168e4e9156a8e",
                "sha256:2e67762a9b2d8b5ba8ef3313b92f57cb5800d11869379bba5b090f5799475149",
                "sha256:2fb63a4fed849e78811121583198fe253a2cfc00255ed7e6b9ab8fe3f9851673",
                "sha256:3effe1d26ce86d30f86e189156415838ce2a6b67f6cc4719b275a25e3bcb94ee",
                "sha256:40e2bba55f30c5a90ee67db35d89ddc5ccb11abd0fa7331be5bbe0e0c06254e0",
                "sha256:41a3b19f254bf3db8cbe4e2231ef8f54e3dc8c9ac9bac918ca58546509a34e5d",
                "sha256:44f92b42e7e9f2ed77ba5cb7d664f05c17e43d4586718ed6cd3b3fffa0e67f33",
                "sha256:452b37f9ea46e92f2057d1f833a9bb091a834293a6d441ae7133134a3bb7a066",
                "sha256:4cbf6ce382fb2c75ab087d0ac8b814a1c7b441392a3b3db76b12787dd9cf856a",
                "sha256:62d69ea4b6d49e2194dfde3011b5ac044e446ff24bbeb384e3420b276d47afe2",
                "sha256:68ba3d6461667e8b3371ea419cf82f015be8e81a2c5b3f809b23dd2eb74018de",
                "sha256:6d5363dbc1513fa9c6b33a579a70c26774632b61cc1207cd9e48e5b6c03b7cc7",
                "sha256:713056cc8c29077e0e2c0fb571844fba3e25a9463690196266cdb82e543ebe1e",
                "sha256:770c8b76ae600b9bdfb20e3a2404903aeeb36add3f5f53766040b412aba49c9d",
                "sha256:77f47139ebce4d5129ad463437def248b090cc95ec3d500c6a43e354d0c797ec",
                "sha256:7f29fa1b3cb7d68a8257aa1682a3c45e94de9c12eb36cec6288f9cc8a0854b57",
                "sha256:857ca1f1a25e9a4e3137739ef7dd8926707b4a1e54e936dda1fce551f7189541",
                "sha256:8d2af240373e0f9aa66fe549d4613995e98f5c47d965ed96ea40122f9e49abd3",
                "sha256:96724556c65e59a58e9e88bdba63331600e2481ecfe75c5185969650645f6410",
                "sha256:9f3c7c5560486cce3f918dc434adc8fc64580678984fe4c650a28c512b2e22b0",
                "sha256:9fde693cb51b766b40cb7d0bef00c6354ec0aa395304dbe099d420bfcb452513",
                "sha256:a61f6e8d08a4ad70799abfcb510271a850d3154d06e64cba25123ab78e9453fa",
                "sha256:a93475fd08e13e1b66d6de400a74d0fc0c805221feb166321712a5a4395e7e70",
                "sha256:aa8c34f0a60aaf705bf3e797344352ddcd35c5f96973bfa5f2caa8fb55c91474",
                "sha256:ab22ec72a3f3f8bfc37451b6606b1fbd88ef6abe02ffcd6474530f77fb62c648",
                "sha256:aca75b5b1b9fce0eb30b686e05e4343f10bab81c3bec2a032017dba67897116b",
                "sha256:b1345e67a764c1cdcd9de6f07514b1935e6a2d40990e8e720c273c492052ba0c",
                "sha256:b19c8ff541d7329f9f81d5d328ae22660198de4b590b5cca1745e81502872046",
                "sha256:b850b25e5fe95c41e9899040a412b922d8bfc2225e599eebce7059880e31a806",
                "sha256:cb40fde12bba81a8b8d8d299cafc007b7b9670368bc83910dda65bd6811a84be",
                "sha256:cfc8259e6ad48539c602a0447c5b64719e5c8ed83d1cc28e8bb6f4067a5c7f61",
                "sha256:d316e26c5fea9eef90bacf28015c52056b12977a23252051b00a9f7c9ee11445",
                "sha256:d5969f14c413ebacfdf895c2d07f26e1634cf3df6860801a90c3ad0f367ec361",
                "sha256:e182d523b744f53196c3a93b09a062d8a1ed3f2872c51b3b3bccd5172cca34d3",
                "sha256:e25baa22f61be692f8f341f2092695e1bc8cb589f1a3c203887bb2c46e0a82fe",
                "sha256:e88fd6884c86076a53476e7647d3d836216617088adf0ae9cc528b8bd3e010c5",
                "sha256:fbd5bedc5b122a251706b77d75c9d853be1917cf2f790aac222ffa0e260258a7"
            ],
            "index": "pypi",
            "version": "==3.2.1"
        },
        "numpy": {
            "hashes": [
                "sha256:0b78ecfa070460104934e2caf51694ccd00f37d5e5dbe76f021b1b0b0d221823",
                "sha256:1247ef28387b7bb7f21caf2dbe4767f4f4175df44d30604d42ad9bd701ebb31f",
                "sha256:1403b4e2181fc72664737d848b60e65150f272fe5a1c1cbc16145ed43884065a",
                "sha256:170b2a0805c6891ca78c1d96ee72e4c3ed1ae0a992c75444b6ab20ff038ba2cd",
                "sha256:2e4ed57f45f0aa38beca2a03b6532e70e548faf2debbeb3291cfc9b315d9be8f",
                "sha256:32fe5b12061f6446adcbb32cf4060a14741f9c21e15aaee59a207b6ce6423469",
                "sha256:34f3456f530ae8b44231c63082c8899fe9c983fd9b108c997c4b1c8c2d435333",
                "sha256:4c9c23158b87ed0e70d9a50c67e5c0b3f75bcf2581a8e34668d4e9d7474d76c6",
                "sha256:5d95668e727c75b3f5088ec7700e260f90ec83f488e4c0aaccb941148b2cd377",
                "sha256:615d4e328af7204c13ae3d4df7615a13ff60a49cb0d9106fde07f541207883ca",
                "sha256:69077388c5a4b997442b843dbdc3a85b420fb693ec8e33020bb24d647c164fa5",
                "sha256:74b85a17528ca60cf98381a5e779fc0264b4a88b46025e6bcbe9621f46bb3e63",
                "sha256:81225e58ef5fce7f1d80399575576fc5febec79a8a2742e8ef86d7b03beef49f",
                "sha256:8890b3360f345e8360133bc078d2dacc2843b6ee6059b568781b15b97acbe39f",
                "sha256:92aafa03da8658609f59f18722b88f0a73a249101169e28415b4fa148caf7e41",
                "sha256:9864424631775b0c052f3bd98bc2712d131b3e2cd95d1c0c68b91709170890b0",
                "sha256:9e6f5f50d1eff2f2f752b3089a118aee1ea0da63d56c44f3865681009b0af162",
                "sha256:a3deb31bc84f2b42584b8c4001c85d1934dbfb4030827110bc36bfd11509b7bf",
                "sha256:ad010846cdffe7ec27e3f933397f8a8d6c801a48634f419e3d075db27acf5880",
                "sha256:b1e2312f5b8843a3e4e8224b2b48fe16119617b8fc0a54df8f50098721b5bed2",
                "sha256:bc988afcea53e6156546e5b2885b7efab089570783d9d82caf1cfd323b0bb3dd",
                "sha256:c449eb870616a7b62e097982c622d2577b3dbc800aaf8689254ec6e0197cbf1e",
                "sha256:c74c699b122918a6c4611285cc2cad4a3aafdb135c22a16ec483340ef97d573c",
                "sha256:c885bfc07f77e8fee3dc879152ba993732601f1f11de248d4f357f0ffea6a6d4",
                "sha256:e3c3e990274444031482a31280bf48674441e0a5b55ddb168f3a6db3e0c38ec8",
                "sha256:e4799be6a2d7d3c33699a6f77201836ac975b2e1b98c2a07f66a38f499cb50ce",
                "sha256:e6c76a87633aa3fa16614b61ccedfae45b91df2767cf097aa9c933932a7ed1e0",
                "sha256:e89717274b41ebd568cd7943fc9418eeb49b1785b66031bc8a7f6300463c5898",
                "sha256:f5162ec777ba7138906c9c274353ece5603646c6965570d82905546579573f73",
                "sha256:fde96af889262e85aa033f8ee1d3241e32bf36228318a61f1ace579df4e8170d"
            ],
            "index": "pypi",
            "version": "==1.21.4"
        },
        "openpyxl": {
            "hashes": [
                "sha256:40f568b9829bf9e446acfffce30250ac1fa39035124d55fc024025c41481c90f",
                "sha256:8f3b11bd896a95468a4ab162fc4fcd260d46157155d1f8bfaabb99d88cfcf79f"
            ],
            "index": "pypi",
            "version": "==3.0.9"
        }
    },
    "develop": {}
}
